{
  "originHash" : "fa403a552955eec58b8b47d4b9ed8c1c9a58704e79e51967f54200319c69b41c",
  "pins" : [
    {
      "identity" : "resolver",
      "kind" : "remoteSourceControl",
      "location" : "https://github.com/hmlongco/Resolver.git",
      "state" : {
        "revision" : "47602af1ac8d7952299fbd0bda3cfbd12cf3a8ca",
        "version" : "1.5.1"
      }
    },
    {
      "identity" : "swift-syntax",
      "kind" : "remoteSourceControl",
      "location" : "https://github.com/swiftlang/swift-syntax.git",
      "state" : {
        "revision" : "0687f71944021d616d34d922343dcef086855920",
        "version" : "600.0.1"
      }
    }
  ],
  "version" : 3
}
